
Microsoft Visual Studio Solution File, Format Version 12.00
# Visual Studio Version 16
VisualStudioVersion = 16.0.30413.136
MinimumVisualStudioVersion = 10.0.40219.1
Project("{FAE04EC0-301F-11D3-BF4B-00C04F79EFBC}") = "Object01", "Object01\Object01.csproj", "{49ACB530-73D0-45DE-B6E0-6E034D363FB2}"
EndProject
Global
	GlobalSection(SolutionConfigurationPlatforms) = preSolution
		Debug|Any CPU = Debug|Any CPU
		Release|Any CPU = Release|Any CPU
	EndGlobalSection
	GlobalSection(ProjectConfigurationPlatforms) = postSolution
		{49ACB530-73D0-45DE-B6E0-6E034D363FB2}.Debug|Any CPU.ActiveCfg = Debug|Any CPU
		{49ACB530-73D0-45DE-B6E0-6E034D363FB2}.Debug|Any CPU.Build.0 = Debug|Any CPU
		{49ACB530-73D0-45DE-B6E0-6E034D363FB2}.Release|Any CPU.ActiveCfg = Release|Any CPU
		{49ACB530-73D0-45DE-B6E0-6E034D363FB2}.Release|Any CPU.Build.0 = Release|Any CPU
	EndGlobalSection
	GlobalSection(SolutionProperties) = preSolution
		HideSolutionNode = FALSE
	EndGlobalSection
	GlobalSection(ExtensibilityGlobals) = postSolution
		SolutionGuid = {00A40994-A664-4F26-A459-AF3C8366A9D0}
	EndGlobalSection
EndGlobal
